<?xml version="1.0" encoding="utf-8"?>
<Project ToolsVersion="4.0" xmlns="http://schemas.microsoft.com/developer/msbuild/2003">
  <ItemGroup>
    <Filter Include="Script">
      <UniqueIdentifier>{585f2ba7-813f-4532-9a95-b2967ae06511}</UniqueIdentifier>
    </Filter>
    <Filter Include="Default">
      <UniqueIdentifier>{6546fd48-44d9-4960-9249-56cca8c1ccc0}</UniqueIdentifier>
    </Filter>
    <Filter Include="ScriptMgr">
      <UniqueIdentifier>{78d2676d-e9d6-47ca-8d90-52e8d457d264}</UniqueIdentifier>
    </Filter>
    <Filter Include="Script\ER">
      <UniqueIdentifier>{3f35b2cd-9c75-4326-bd26-dd2c73829ac2}</UniqueIdentifier>
    </Filter>
    <Filter Include="Script\ER\ActionScript">
      <UniqueIdentifier>{d278ac5e-11e4-4f19-980d-cf2c22789fef}</UniqueIdentifier>
    </Filter>
    <Filter Include="Script\ER\DataScript">
      <UniqueIdentifier>{1a97d08e-0c7e-42b5-8448-f40bbb060bbd}</UniqueIdentifier>
    </Filter>
    <Filter Include="Script\ER\DataScript\Character">
      <UniqueIdentifier>{fc5a4c72-94e7-46c8-9fcc-582bc8fc268f}</UniqueIdentifier>
    </Filter>
    <Filter Include="Script\ER\ActionScript\Character">
      <UniqueIdentifier>{763f25b3-339f-44f0-b3ec-69654adf3bbb}</UniqueIdentifier>
    </Filter>
    <Filter Include="Script\ER\PlayerScript">
      <UniqueIdentifier>{d1f4aa95-6b71-4309-b84d-f5bf1a2357cd}</UniqueIdentifier>
    </Filter>
    <Filter Include="Script\Default">
      <UniqueIdentifier>{d16ac6e3-a8e0-4754-91db-6e96261beb7c}</UniqueIdentifier>
    </Filter>
    <Filter Include="Script\ER\DataScript\Item">
      <UniqueIdentifier>{da0d90e9-f334-4e62-9413-f648d0b19058}</UniqueIdentifier>
    </Filter>
    <Filter Include="Default\ER_header">
      <UniqueIdentifier>{ab7cb09f-7a29-440c-94a5-7cc14bfb4d66}</UniqueIdentifier>
    </Filter>
    <Filter Include="Script\ER\DataScript\ItemBox">
      <UniqueIdentifier>{4917d2dd-28b0-48a2-94e5-08be8efd8b71}</UniqueIdentifier>
    </Filter>
    <Filter Include="Script\ER\ActionScript\Character\Rio">
      <UniqueIdentifier>{08d6a4eb-a4f9-4554-a421-96f8c0253ce7}</UniqueIdentifier>
    </Filter>
    <Filter Include="Script\ER\ActionScript\Character\Jackie">
      <UniqueIdentifier>{570d651e-3b29-44dc-90ee-067541a651fe}</UniqueIdentifier>
    </Filter>
    <Filter Include="Script\ER\ActionScript\Character\Hyunwoo">
      <UniqueIdentifier>{87476fa6-013b-4e45-b889-ed7a0f3ad9ef}</UniqueIdentifier>
    </Filter>
    <Filter Include="Script\ER\ActionScript\Character\Aya">
      <UniqueIdentifier>{7d751086-2f6f-49ce-a474-d6aeba6ee9bd}</UniqueIdentifier>
    </Filter>
    <Filter Include="Script\ER\ActionScript\Character\Yuki">
      <UniqueIdentifier>{78e8d3fd-5132-4e6a-8ad5-f304e1f74d06}</UniqueIdentifier>
    </Filter>
    <Filter Include="Script\UI">
      <UniqueIdentifier>{3685c51a-070f-4ee1-a7b5-2deae237c121}</UniqueIdentifier>
    </Filter>
    <Filter Include="Script\UI\Button">
      <UniqueIdentifier>{bb96cd13-f5de-4fcd-b6cf-7ca5033965a9}</UniqueIdentifier>
    </Filter>
    <Filter Include="Script\ER\DataScript\LandMesh">
      <UniqueIdentifier>{f1617758-7daa-4bac-a50c-2e5e988e6019}</UniqueIdentifier>
    </Filter>
    <Filter Include="GameSystem">
      <UniqueIdentifier>{148f1ec1-74ec-49d7-abe3-e185dc4794a3}</UniqueIdentifier>
    </Filter>
    <Filter Include="GameSystem\Item">
      <UniqueIdentifier>{a9474beb-0254-47f3-bb38-916c060681d8}</UniqueIdentifier>
    </Filter>
    <Filter Include="GameSystem\Character">
      <UniqueIdentifier>{4fbeb1f6-b219-4820-8f25-26282d0ee874}</UniqueIdentifier>
    </Filter>
    <Filter Include="GameSystem\UI">
      <UniqueIdentifier>{b3d03eb7-c0f4-4df1-8494-08ae342305a1}</UniqueIdentifier>
    </Filter>
    <Filter Include="GameSystem\Battle">
      <UniqueIdentifier>{9c8c5026-9c9a-4c8c-9ce5-d9043b036923}</UniqueIdentifier>
    </Filter>
    <Filter Include="GameSystem\Monster">
      <UniqueIdentifier>{74d458ac-2568-48e0-abaf-a8d9d240b711}</UniqueIdentifier>
    </Filter>
    <Filter Include="Script\ER\PlayerScript\PlayerControll">
      <UniqueIdentifier>{8ac70603-e378-482c-9a59-41e8106b1c7b}</UniqueIdentifier>
    </Filter>
    <Filter Include="GameSystem\ObjPool">
      <UniqueIdentifier>{5e4e2628-94c6-48cd-adcb-07eab12e405a}</UniqueIdentifier>
    </Filter>
    <Filter Include="Script\ER\SystemScript">
      <UniqueIdentifier>{fa13962b-4671-41fe-b9e1-93ae6b79ae42}</UniqueIdentifier>
    </Filter>
    <Filter Include="Script\ER\SystemScript\Cam">
      <UniqueIdentifier>{afcad44f-5ae1-4bcc-9276-fe611232c7ed}</UniqueIdentifier>
    </Filter>
    <Filter Include="Script\ER\SystemScript\Projectile">
      <UniqueIdentifier>{bbd448f0-1bcf-442a-967b-388a679dd4d9}</UniqueIdentifier>
    </Filter>
  </ItemGroup>
  <ItemGroup>
    <ClInclude Include="framework.h">
      <Filter>Default</Filter>
    </ClInclude>
    <ClInclude Include="pch.h">
      <Filter>Default</Filter>
    </ClInclude>
    <ClInclude Include="CScriptMgr.h">
      <Filter>ScriptMgr</Filter>
    </ClInclude>
    <ClInclude Include="CMissileScript.h">
      <Filter>Script\Default</Filter>
    </ClInclude>
    <ClInclude Include="CMonsterScript.h">
      <Filter>Script\Default</Filter>
    </ClInclude>
    <ClInclude Include="CPlanetScript.h">
      <Filter>Script\Default</Filter>
    </ClInclude>
    <ClInclude Include="ER_define.h">
      <Filter>Default\ER_header</Filter>
    </ClInclude>
    <ClInclude Include="ER_struct.h">
      <Filter>Default\ER_header</Filter>
    </ClInclude>
    <ClInclude Include="ER_DataScript_ItemBox.h">
      <Filter>Script\ER\DataScript\ItemBox</Filter>
    </ClInclude>
    <ClInclude Include="ER_ActionScript_Aya.h">
      <Filter>Script\ER\ActionScript\Character\Aya</Filter>
    </ClInclude>
    <ClInclude Include="ER_ActionScript_Hyunwoo.h">
      <Filter>Script\ER\ActionScript\Character\Hyunwoo</Filter>
    </ClInclude>
    <ClInclude Include="ER_ActionScript_Jackie.h">
      <Filter>Script\ER\ActionScript\Character\Jackie</Filter>
    </ClInclude>
    <ClInclude Include="ER_ActionScript_Rio.h">
      <Filter>Script\ER\ActionScript\Character\Rio</Filter>
    </ClInclude>
    <ClInclude Include="ER_ActionScript_Yuki.h">
      <Filter>Script\ER\ActionScript\Character\Yuki</Filter>
    </ClInclude>
    <ClInclude Include="ER_ActionScript_Character.h">
      <Filter>Script\ER\ActionScript\Character</Filter>
    </ClInclude>
    <ClInclude Include="ER_DataScript_Character.h">
      <Filter>Script\ER\DataScript\Character</Filter>
    </ClInclude>
    <ClInclude Include="ER_DataScript_Item.h">
      <Filter>Script\ER\DataScript\Item</Filter>
    </ClInclude>
    <ClInclude Include="CEditCamControlScript.h">
      <Filter>Script\Default</Filter>
    </ClInclude>
    <ClInclude Include="CFollowMainCamScript.h">
      <Filter>Script\Default</Filter>
    </ClInclude>
    <ClInclude Include="ER_CamControllerScript.h">
      <Filter>Script\ER\SystemScript\Cam</Filter>
    </ClInclude>
    <ClInclude Include="CUIScript_Button.h">
      <Filter>Script\UI\Button</Filter>
    </ClInclude>
    <ClInclude Include="ER_DataScript_LandMeshBase.h">
      <Filter>Script\ER\DataScript\LandMesh</Filter>
    </ClInclude>
    <ClInclude Include="ER_GameSystem.h">
      <Filter>GameSystem</Filter>
    </ClInclude>
    <ClInclude Include="ER_CharacterMgr.h">
      <Filter>GameSystem\Character</Filter>
    </ClInclude>
    <ClInclude Include="ER_ItemMgr.h">
      <Filter>GameSystem\Item</Filter>
    </ClInclude>
    <ClInclude Include="ER_UIMgr.h">
      <Filter>GameSystem\UI</Filter>
    </ClInclude>
    <ClInclude Include="ER_BattleSystem.h">
      <Filter>GameSystem\Battle</Filter>
    </ClInclude>
    <ClInclude Include="ER_PlayerScript.h">
      <Filter>Script\ER\PlayerScript\PlayerControll</Filter>
    </ClInclude>
    <ClInclude Include="ER_PlayerScript_Range.h">
      <Filter>Script\ER\PlayerScript</Filter>
    </ClInclude>
    <ClInclude Include="ER_ProjectilePool.h">
      <Filter>GameSystem\ObjPool</Filter>
    </ClInclude>
    <ClInclude Include="ER_ProjectileScript.h">
      <Filter>Script\ER\SystemScript\Projectile</Filter>
    </ClInclude>
  </ItemGroup>
  <ItemGroup>
    <ClCompile Include="pch.cpp">
      <Filter>Default</Filter>
    </ClCompile>
    <ClCompile Include="Script.cpp">
      <Filter>Default</Filter>
    </ClCompile>
    <ClCompile Include="CScriptMgr.cpp">
      <Filter>ScriptMgr</Filter>
    </ClCompile>
    <ClCompile Include="CMissileScript.cpp">
      <Filter>Script\Default</Filter>
    </ClCompile>
    <ClCompile Include="CMonsterScript.cpp">
      <Filter>Script\Default</Filter>
    </ClCompile>
    <ClCompile Include="CPlanetScript.cpp">
      <Filter>Script\Default</Filter>
    </ClCompile>
    <ClCompile Include="ER_DataScript_ItemBox.cpp">
      <Filter>Script\ER\DataScript\ItemBox</Filter>
    </ClCompile>
    <ClCompile Include="ER_ActionScript_Aya.cpp">
      <Filter>Script\ER\ActionScript\Character\Aya</Filter>
    </ClCompile>
    <ClCompile Include="ER_ActionScript_Hyunwoo.cpp">
      <Filter>Script\ER\ActionScript\Character\Hyunwoo</Filter>
    </ClCompile>
    <ClCompile Include="ER_ActionScript_Jackie.cpp">
      <Filter>Script\ER\ActionScript\Character\Jackie</Filter>
    </ClCompile>
    <ClCompile Include="ER_ActionScript_Rio.cpp">
      <Filter>Script\ER\ActionScript\Character\Rio</Filter>
    </ClCompile>
    <ClCompile Include="ER_ActionScript_Yuki.cpp">
      <Filter>Script\ER\ActionScript\Character\Yuki</Filter>
    </ClCompile>
    <ClCompile Include="ER_ActionScript_Character.cpp">
      <Filter>Script\ER\ActionScript\Character</Filter>
    </ClCompile>
    <ClCompile Include="ER_DataScript_Character.cpp">
      <Filter>Script\ER\DataScript\Character</Filter>
    </ClCompile>
    <ClCompile Include="ER_DataScript_Item.cpp">
      <Filter>Script\ER\DataScript\Item</Filter>
    </ClCompile>
    <ClCompile Include="CEditCamControlScript.cpp">
      <Filter>Script\Default</Filter>
    </ClCompile>
    <ClCompile Include="CFollowMainCamScript.cpp">
      <Filter>Script\Default</Filter>
    </ClCompile>
    <ClCompile Include="ER_CamControllerScript.cpp">
      <Filter>Script\ER\SystemScript\Cam</Filter>
    </ClCompile>
    <ClCompile Include="CUIScript_Button.cpp">
      <Filter>Script\UI\Button</Filter>
    </ClCompile>
    <ClCompile Include="ER_DataScript_LandMeshBase.cpp">
      <Filter>Script\ER\DataScript\LandMesh</Filter>
    </ClCompile>
    <ClCompile Include="ER_GameSystem.cpp">
      <Filter>GameSystem</Filter>
    </ClCompile>
    <ClCompile Include="ER_CharacterMgr_Init.cpp">
      <Filter>GameSystem\Character</Filter>
    </ClCompile>
    <ClCompile Include="ER_CharacterMgr.cpp">
      <Filter>GameSystem\Character</Filter>
    </ClCompile>
    <ClCompile Include="ER_ItemMgr_Init.cpp">
      <Filter>GameSystem\Item</Filter>
    </ClCompile>
    <ClCompile Include="ER_ItemMgr.cpp">
      <Filter>GameSystem\Item</Filter>
    </ClCompile>
    <ClCompile Include="ER_ActionScript_Character_func.cpp">
      <Filter>Script\ER\ActionScript\Character</Filter>
    </ClCompile>
    <ClCompile Include="ER_UIMgr.cpp">
      <Filter>GameSystem\UI</Filter>
    </ClCompile>
    <ClCompile Include="ER_BattleSystem.cpp">
      <Filter>GameSystem\Battle</Filter>
    </ClCompile>
    <ClCompile Include="ER_PlayerScript.cpp">
      <Filter>Script\ER\PlayerScript\PlayerControll</Filter>
    </ClCompile>
    <ClCompile Include="ER_PlayerScript_Range.cpp">
      <Filter>Script\ER\PlayerScript</Filter>
    </ClCompile>
    <ClCompile Include="ER_ProjectilePool.cpp">
      <Filter>GameSystem\ObjPool</Filter>
    </ClCompile>
    <ClCompile Include="ER_ProjectileScript.cpp">
      <Filter>Script\ER\SystemScript\Projectile</Filter>
    </ClCompile>
    <ClCompile Include="ER_ActionScript_Init.cpp">
      <Filter>Script\ER\ActionScript\Character</Filter>
    </ClCompile>
  </ItemGroup>
</Project>