<?xml version="1.0" encoding="utf-8"?>
<Project ToolsVersion="4.0" xmlns="http://schemas.microsoft.com/developer/msbuild/2003">
  <ItemGroup>
    <ClInclude Include="framework.h">
      <Filter>Default</Filter>
    </ClInclude>
    <ClInclude Include="pch.h">
      <Filter>Default</Filter>
    </ClInclude>
    <ClInclude Include="global.h">
      <Filter>Source\00. Header</Filter>
    </ClInclude>
    <ClInclude Include="define.h">
      <Filter>Source\00. Header</Filter>
    </ClInclude>
    <ClInclude Include="struct.h">
      <Filter>Source\00. Header</Filter>
    </ClInclude>
    <ClInclude Include="func.h">
      <Filter>Source\00. Header</Filter>
    </ClInclude>
    <ClInclude Include="CEngine.h">
      <Filter>Source\01. Engine</Filter>
    </ClInclude>
    <ClInclude Include="CSingleton.h">
      <Filter>Source\09. Module</Filter>
    </ClInclude>
    <ClInclude Include="CDevice.h">
      <Filter>Source\02. Device</Filter>
    </ClInclude>
    <ClInclude Include="SimpleMath.h">
      <Filter>Source\09. Module\SimpleMath</Filter>
    </ClInclude>
    <ClInclude Include="CPathMgr.h">
      <Filter>Source\03. Manager\01. PathMgr</Filter>
    </ClInclude>
    <ClInclude Include="CKeyMgr.h">
      <Filter>Source\03. Manager\02. KeyMgr</Filter>
    </ClInclude>
    <ClInclude Include="CTimeMgr.h">
      <Filter>Source\03. Manager\03. TimeMgr</Filter>
    </ClInclude>
    <ClInclude Include="CGameObject.h">
      <Filter>Source\05. GameObject</Filter>
    </ClInclude>
    <ClInclude Include="CComponent.h">
      <Filter>Source\06. Component</Filter>
    </ClInclude>
    <ClInclude Include="CEntity.h">
      <Filter>Source</Filter>
    </ClInclude>
    <ClInclude Include="CTransform.h">
      <Filter>Source\06. Component\1. Transform</Filter>
    </ClInclude>
    <ClInclude Include="CMeshRender.h">
      <Filter>Source\06. Component\RenderComponent\1. MeshRender</Filter>
    </ClInclude>
    <ClInclude Include="CRes.h">
      <Filter>Source\07. Resource</Filter>
    </ClInclude>
    <ClInclude Include="CMesh.h">
      <Filter>Source\07. Resource\1. Mesh</Filter>
    </ClInclude>
    <ClInclude Include="CShader.h">
      <Filter>Source\07. Resource\4. Shader</Filter>
    </ClInclude>
    <ClInclude Include="CGraphicsShader.h">
      <Filter>Source\07. Resource\4. Shader\GraphicsShader</Filter>
    </ClInclude>
    <ClInclude Include="CScript.h">
      <Filter>Source\06. Component\Script</Filter>
    </ClInclude>
    <ClInclude Include="CConstBuffer.h">
      <Filter>Source\02. Device\ConstBuffer</Filter>
    </ClInclude>
    <ClInclude Include="CLevelMgr.h">
      <Filter>Source\03. Manager\04. LevelMgr</Filter>
    </ClInclude>
    <ClInclude Include="CResMgr.h">
      <Filter>Source\03. Manager\05. ResMgr</Filter>
    </ClInclude>
    <ClInclude Include="ptr.h">
      <Filter>Source\03. Manager\05. ResMgr</Filter>
    </ClInclude>
    <ClInclude Include="CLevel.h">
      <Filter>Source\04. Level</Filter>
    </ClInclude>
    <ClInclude Include="CLayer.h">
      <Filter>Source\04. Level</Filter>
    </ClInclude>
    <ClInclude Include="CTexture.h">
      <Filter>Source\07. Resource\2. Texture</Filter>
    </ClInclude>
    <ClInclude Include="CMaterial.h">
      <Filter>Source\07. Resource\3. Material</Filter>
    </ClInclude>
    <ClInclude Include="CCamera.h">
      <Filter>Source\06. Component\4. Camera</Filter>
    </ClInclude>
    <ClInclude Include="components.h">
      <Filter>Source\00. Header</Filter>
    </ClInclude>
    <ClInclude Include="CRenderMgr.h">
      <Filter>Source\03. Manager\06. RenderMgr</Filter>
    </ClInclude>
    <ClInclude Include="CRenderComponent.h">
      <Filter>Source\06. Component\RenderComponent</Filter>
    </ClInclude>
    <ClInclude Include="CEventMgr.h">
      <Filter>Source\03. Manager\09. EventMgr</Filter>
    </ClInclude>
    <ClInclude Include="CPrefab.h">
      <Filter>Source\07. Resource\5. Prefab</Filter>
    </ClInclude>
    <ClInclude Include="CCollider2D.h">
      <Filter>Source\06. Component\2. Collider2D</Filter>
    </ClInclude>
    <ClInclude Include="CCollisionMgr.h">
      <Filter>Source\03. Manager\07. CollisionMgr</Filter>
    </ClInclude>
    <ClInclude Include="CLight2D.h">
      <Filter>Source\06. Component\5. Light2D</Filter>
    </ClInclude>
    <ClInclude Include="CStructuredBuffer.h">
      <Filter>Source\02. Device\StructuredBuffer</Filter>
    </ClInclude>
    <ClInclude Include="CTileMap.h">
      <Filter>Source\06. Component\RenderComponent\3. TileMap</Filter>
    </ClInclude>
    <ClInclude Include="CAnimator2D.h">
      <Filter>Source\06. Component\7. Animator2D</Filter>
    </ClInclude>
    <ClInclude Include="CComputeShader.h">
      <Filter>Source\07. Resource\4. Shader\ComputeShader</Filter>
    </ClInclude>
    <ClInclude Include="CSetColorShader.h">
      <Filter>Source\08. ShaderCode\Compute\SetColor</Filter>
    </ClInclude>
    <ClInclude Include="CParticleSystem.h">
      <Filter>Source\06. Component\RenderComponent\2. ParticleSystem</Filter>
    </ClInclude>
    <ClInclude Include="CParticleUpdateShader.h">
      <Filter>Source\08. ShaderCode\Compute\ParticleUpdate</Filter>
    </ClInclude>
    <ClInclude Include="CSound.h">
      <Filter>Source\07. Resource\6. Sound</Filter>
    </ClInclude>
    <ClInclude Include="CFontMgr.h">
      <Filter>Source\03. Manager\10. FontMgr</Filter>
    </ClInclude>
    <ClInclude Include="CBehaviorTree.h">
      <Filter>Source\06. Component\9. BehaviorTree</Filter>
    </ClInclude>
    <ClInclude Include="CBehaviorTreeMgr.h">
      <Filter>Source\06. Component\9. BehaviorTree\BehaviorTreeMgr</Filter>
    </ClInclude>
    <ClInclude Include="CLight3D.h">
      <Filter>Source\06. Component\6. Light3D</Filter>
    </ClInclude>
    <ClInclude Include="CDecal.h">
      <Filter>Source\06. Component\RenderComponent\4. Decal</Filter>
    </ClInclude>
    <ClInclude Include="CFBXLoader.h">
      <Filter>Source\09. Module\FBXLoader</Filter>
    </ClInclude>
    <ClInclude Include="CMeshData.h">
      <Filter>Source\07. Resource\7. MeshData</Filter>
    </ClInclude>
    <ClInclude Include="CAnimator3D.h">
      <Filter>Source\06. Component\8. Animator3D</Filter>
    </ClInclude>
    <ClInclude Include="CAnimation3DShader.h">
      <Filter>Source\08. ShaderCode\Compute\AnimationUpdate</Filter>
    </ClInclude>
    <ClInclude Include="CSkyBox.h">
      <Filter>Source\06. Component\RenderComponent\6. SkyBox</Filter>
    </ClInclude>
    <ClInclude Include="CMRT.h">
      <Filter>Source\03. Manager\06. RenderMgr\MRT</Filter>
    </ClInclude>
    <ClInclude Include="CLandScape.h">
      <Filter>Source\06. Component\RenderComponent\5. Landscape</Filter>
    </ClInclude>
    <ClInclude Include="CLandScapeRaycastShader.h">
      <Filter>Source\08. ShaderCode\Compute\LandScape\Raycast</Filter>
    </ClInclude>
    <ClInclude Include="CHeightMapShader.h">
      <Filter>Source\08. ShaderCode\Compute\LandScape\HeightMap</Filter>
    </ClInclude>
    <ClInclude Include="CWeightMapShader.h">
      <Filter>Source\08. ShaderCode\Compute\LandScape\WeightMap</Filter>
    </ClInclude>
    <ClInclude Include="CAnim2D.h">
      <Filter>Source\06. Component\7. Animator2D\Animation2D</Filter>
    </ClInclude>
    <ClInclude Include="CAnim3D.h">
      <Filter>Source\06. Component\8. Animator3D\Animation3D</Filter>
    </ClInclude>
    <ClInclude Include="CCopyBoneShader.h">
      <Filter>Source\08. ShaderCode\Compute\CopyBone</Filter>
    </ClInclude>
    <ClInclude Include="CInstancingBuffer.h">
      <Filter>Source\03. Manager\12. InstancingMgr</Filter>
    </ClInclude>
    <ClInclude Include="CBone.h">
      <Filter>Source\07. Resource\8. Bone</Filter>
    </ClInclude>
    <ClInclude Include="resource.h" />
    <ClInclude Include="CRaycastShader.h">
      <Filter>Source\08. ShaderCode\Compute</Filter>
    </ClInclude>
    <ClInclude Include="Detour\DetourStatus.h">
      <Filter>Source\09. Module\NaviMesh</Filter>
    </ClInclude>
    <ClInclude Include="Detour\DetourAlloc.h">
      <Filter>Source\09. Module\NaviMesh</Filter>
    </ClInclude>
    <ClInclude Include="Detour\DetourAssert.h">
      <Filter>Source\09. Module\NaviMesh</Filter>
    </ClInclude>
    <ClInclude Include="Detour\DetourCommon.h">
      <Filter>Source\09. Module\NaviMesh</Filter>
    </ClInclude>
    <ClInclude Include="Detour\DetourMath.h">
      <Filter>Source\09. Module\NaviMesh</Filter>
    </ClInclude>
    <ClInclude Include="Detour\DetourNavMesh.h">
      <Filter>Source\09. Module\NaviMesh</Filter>
    </ClInclude>
    <ClInclude Include="Detour\DetourNavMeshBuilder.h">
      <Filter>Source\09. Module\NaviMesh</Filter>
    </ClInclude>
    <ClInclude Include="Detour\DetourNavMeshQuery.h">
      <Filter>Source\09. Module\NaviMesh</Filter>
    </ClInclude>
    <ClInclude Include="Detour\DetourNode.h">
      <Filter>Source\09. Module\NaviMesh</Filter>
    </ClInclude>
    <ClInclude Include="CPathFindMgr.h">
      <Filter>Source\03. Manager\13. PathFindMgr</Filter>
    </ClInclude>
    <ClInclude Include="CFindPath.h">
      <Filter>Source\06. Component\10. FindPath</Filter>
    </ClInclude>
    <ClInclude Include="debug.h">
      <Filter>Source\03. Manager\14. Debug</Filter>
    </ClInclude>
    <ClInclude Include="FSM.h">
      <Filter>Source\09. Module\FSM</Filter>
    </ClInclude>
    <ClInclude Include="CCollider3D.h">
      <Filter>Source\06. Component\3. Collider3D</Filter>
    </ClInclude>
    <ClInclude Include="CUIMgr.h">
      <Filter>Source\03. Manager\15. UIMgr</Filter>
    </ClInclude>
    <ClInclude Include="CUIComponent.h">
      <Filter>Source\06. Component\12. UIComponent</Filter>
    </ClInclude>
    <ClInclude Include="CFrustum.h" />
    <ClInclude Include="CText.h">
      <Filter>Source\06. Component\11. Text</Filter>
    </ClInclude>
    <ClInclude Include="CFrustum.h">
      <Filter>Source\06. Component\4. Camera\Frustum</Filter>
    </ClInclude>
  </ItemGroup>
  <ItemGroup>
    <ClCompile Include="Engine.cpp">
      <Filter>Default</Filter>
    </ClCompile>
    <ClCompile Include="pch.cpp">
      <Filter>Default</Filter>
    </ClCompile>
    <ClCompile Include="CEngine.cpp">
      <Filter>Source\01. Engine</Filter>
    </ClCompile>
    <ClCompile Include="CDevice.cpp">
      <Filter>Source\02. Device</Filter>
    </ClCompile>
    <ClCompile Include="CPathMgr.cpp">
      <Filter>Source\03. Manager\01. PathMgr</Filter>
    </ClCompile>
    <ClCompile Include="CKeyMgr.cpp">
      <Filter>Source\03. Manager\02. KeyMgr</Filter>
    </ClCompile>
    <ClCompile Include="CTimeMgr.cpp">
      <Filter>Source\03. Manager\03. TimeMgr</Filter>
    </ClCompile>
    <ClCompile Include="CGameObject.cpp">
      <Filter>Source\05. GameObject</Filter>
    </ClCompile>
    <ClCompile Include="CComponent.cpp">
      <Filter>Source\06. Component</Filter>
    </ClCompile>
    <ClCompile Include="CEntity.cpp">
      <Filter>Source</Filter>
    </ClCompile>
    <ClCompile Include="CTransform.cpp">
      <Filter>Source\06. Component\1. Transform</Filter>
    </ClCompile>
    <ClCompile Include="CMeshRender.cpp">
      <Filter>Source\06. Component\RenderComponent\1. MeshRender</Filter>
    </ClCompile>
    <ClCompile Include="CRes.cpp">
      <Filter>Source\07. Resource</Filter>
    </ClCompile>
    <ClCompile Include="CMesh.cpp">
      <Filter>Source\07. Resource\1. Mesh</Filter>
    </ClCompile>
    <ClCompile Include="CShader.cpp">
      <Filter>Source\07. Resource\4. Shader</Filter>
    </ClCompile>
    <ClCompile Include="CGraphicsShader.cpp">
      <Filter>Source\07. Resource\4. Shader\GraphicsShader</Filter>
    </ClCompile>
    <ClCompile Include="CScript.cpp">
      <Filter>Source\06. Component\Script</Filter>
    </ClCompile>
    <ClCompile Include="CConstBuffer.cpp">
      <Filter>Source\02. Device\ConstBuffer</Filter>
    </ClCompile>
    <ClCompile Include="CLevelMgr.cpp">
      <Filter>Source\03. Manager\04. LevelMgr</Filter>
    </ClCompile>
    <ClCompile Include="CResMgr.cpp">
      <Filter>Source\03. Manager\05. ResMgr</Filter>
    </ClCompile>
    <ClCompile Include="CLevel.cpp">
      <Filter>Source\04. Level</Filter>
    </ClCompile>
    <ClCompile Include="CLayer.cpp">
      <Filter>Source\04. Level</Filter>
    </ClCompile>
    <ClCompile Include="CTexture.cpp">
      <Filter>Source\07. Resource\2. Texture</Filter>
    </ClCompile>
    <ClCompile Include="CMaterial.cpp">
      <Filter>Source\07. Resource\3. Material</Filter>
    </ClCompile>
    <ClCompile Include="CCamera.cpp">
      <Filter>Source\06. Component\4. Camera</Filter>
    </ClCompile>
    <ClCompile Include="extern.cpp">
      <Filter>Source\00. Header</Filter>
    </ClCompile>
    <ClCompile Include="CRenderMgr.cpp">
      <Filter>Source\03. Manager\06. RenderMgr</Filter>
    </ClCompile>
    <ClCompile Include="CRenderComponent.cpp">
      <Filter>Source\06. Component\RenderComponent</Filter>
    </ClCompile>
    <ClCompile Include="CEventMgr.cpp">
      <Filter>Source\03. Manager\09. EventMgr</Filter>
    </ClCompile>
    <ClCompile Include="CPrefab.cpp">
      <Filter>Source\07. Resource\5. Prefab</Filter>
    </ClCompile>
    <ClCompile Include="CCollider2D.cpp">
      <Filter>Source\06. Component\2. Collider2D</Filter>
    </ClCompile>
    <ClCompile Include="CCollisionMgr.cpp">
      <Filter>Source\03. Manager\07. CollisionMgr</Filter>
    </ClCompile>
    <ClCompile Include="func.cpp">
      <Filter>Source\00. Header</Filter>
    </ClCompile>
    <ClCompile Include="CLight2D.cpp">
      <Filter>Source\06. Component\5. Light2D</Filter>
    </ClCompile>
    <ClCompile Include="CStructuredBuffer.cpp">
      <Filter>Source\02. Device\StructuredBuffer</Filter>
    </ClCompile>
    <ClCompile Include="CTileMap.cpp">
      <Filter>Source\06. Component\RenderComponent\3. TileMap</Filter>
    </ClCompile>
    <ClCompile Include="CAnimator2D.cpp">
      <Filter>Source\06. Component\7. Animator2D</Filter>
    </ClCompile>
    <ClCompile Include="CComputeShader.cpp">
      <Filter>Source\07. Resource\4. Shader\ComputeShader</Filter>
    </ClCompile>
    <ClCompile Include="CSetColorShader.cpp">
      <Filter>Source\08. ShaderCode\Compute\SetColor</Filter>
    </ClCompile>
    <ClCompile Include="CParticleSystem.cpp">
      <Filter>Source\06. Component\RenderComponent\2. ParticleSystem</Filter>
    </ClCompile>
    <ClCompile Include="CParticleUpdateShader.cpp">
      <Filter>Source\08. ShaderCode\Compute\ParticleUpdate</Filter>
    </ClCompile>
    <ClCompile Include="CSound.cpp">
      <Filter>Source\07. Resource\6. Sound</Filter>
    </ClCompile>
    <ClCompile Include="CFontMgr.cpp">
      <Filter>Source\03. Manager\10. FontMgr</Filter>
    </ClCompile>
    <ClCompile Include="CResMgr_Init.cpp">
      <Filter>Source\03. Manager\05. ResMgr</Filter>
    </ClCompile>
    <ClCompile Include="CBehaviorTree.cpp">
      <Filter>Source\06. Component\9. BehaviorTree</Filter>
    </ClCompile>
    <ClCompile Include="CBehaviorTreeMgr.cpp">
      <Filter>Source\06. Component\9. BehaviorTree\BehaviorTreeMgr</Filter>
    </ClCompile>
    <ClCompile Include="CLight3D.cpp">
      <Filter>Source\06. Component\6. Light3D</Filter>
    </ClCompile>
    <ClCompile Include="CDecal.cpp">
      <Filter>Source\06. Component\RenderComponent\4. Decal</Filter>
    </ClCompile>
    <ClCompile Include="CRenderMgr_init.cpp">
      <Filter>Source\03. Manager\06. RenderMgr</Filter>
    </ClCompile>
    <ClCompile Include="CFrustum.cpp">
      <Filter>Source\06. Component\4. Camera\Frustum</Filter>
    </ClCompile>
    <ClCompile Include="CFBXLoader.cpp">
      <Filter>Source\09. Module\FBXLoader</Filter>
    </ClCompile>
    <ClCompile Include="CMeshData.cpp">
      <Filter>Source\07. Resource\7. MeshData</Filter>
    </ClCompile>
    <ClCompile Include="CAnimator3D.cpp">
      <Filter>Source\06. Component\8. Animator3D</Filter>
    </ClCompile>
    <ClCompile Include="CAnimation3DShader.cpp">
      <Filter>Source\08. ShaderCode\Compute\AnimationUpdate</Filter>
    </ClCompile>
    <ClCompile Include="CSkyBox.cpp">
      <Filter>Source\06. Component\RenderComponent\6. SkyBox</Filter>
    </ClCompile>
    <ClCompile Include="CMRT.cpp">
      <Filter>Source\03. Manager\06. RenderMgr\MRT</Filter>
    </ClCompile>
    <ClCompile Include="CLandScape.cpp">
      <Filter>Source\06. Component\RenderComponent\5. Landscape</Filter>
    </ClCompile>
    <ClCompile Include="CLandScapeRaycastShader.cpp">
      <Filter>Source\08. ShaderCode\Compute\LandScape\Raycast</Filter>
    </ClCompile>
    <ClCompile Include="CLandScape_init.cpp">
      <Filter>Source\06. Component\RenderComponent\5. Landscape</Filter>
    </ClCompile>
    <ClCompile Include="CHeightMapShader.cpp">
      <Filter>Source\08. ShaderCode\Compute\LandScape\HeightMap</Filter>
    </ClCompile>
    <ClCompile Include="CWeightMapShader.cpp">
      <Filter>Source\08. ShaderCode\Compute\LandScape\WeightMap</Filter>
    </ClCompile>
    <ClCompile Include="CCopyBoneShader.cpp">
      <Filter>Source\08. ShaderCode\Compute\CopyBone</Filter>
    </ClCompile>
    <ClCompile Include="CInstancingBuffer.cpp">
      <Filter>Source\03. Manager\12. InstancingMgr</Filter>
    </ClCompile>
    <ClCompile Include="CAnim2D.cpp">
      <Filter>Source\06. Component\7. Animator2D\Animation2D</Filter>
    </ClCompile>
    <ClCompile Include="CAnim3D.cpp">
      <Filter>Source\06. Component\8. Animator3D\Animation3D</Filter>
    </ClCompile>
    <ClCompile Include="CBone.cpp">
      <Filter>Source\07. Resource\8. Bone</Filter>
    </ClCompile>
    <ClCompile Include="CRaycastShader.cpp">
      <Filter>Source\08. ShaderCode\Compute</Filter>
    </ClCompile>
    <ClCompile Include="Detour\DetourAlloc.cpp">
      <Filter>Source\09. Module\NaviMesh</Filter>
    </ClCompile>
    <ClCompile Include="Detour\DetourAssert.cpp">
      <Filter>Source\09. Module\NaviMesh</Filter>
    </ClCompile>
    <ClCompile Include="Detour\DetourCommon.cpp">
      <Filter>Source\09. Module\NaviMesh</Filter>
    </ClCompile>
    <ClCompile Include="Detour\DetourNavMesh.cpp">
      <Filter>Source\09. Module\NaviMesh</Filter>
    </ClCompile>
    <ClCompile Include="Detour\DetourNavMeshBuilder.cpp">
      <Filter>Source\09. Module\NaviMesh</Filter>
    </ClCompile>
    <ClCompile Include="Detour\DetourNavMeshQuery.cpp">
      <Filter>Source\09. Module\NaviMesh</Filter>
    </ClCompile>
    <ClCompile Include="Detour\DetourNode.cpp">
      <Filter>Source\09. Module\NaviMesh</Filter>
    </ClCompile>
    <ClCompile Include="CPathFindMgr.cpp">
      <Filter>Source\03. Manager\13. PathFindMgr</Filter>
    </ClCompile>
    <ClCompile Include="CFindPath.cpp">
      <Filter>Source\06. Component\10. FindPath</Filter>
    </ClCompile>
    <ClCompile Include="CCollider3D.cpp">
      <Filter>Source\06. Component\3. Collider3D</Filter>
    </ClCompile>
    <ClCompile Include="debug.cpp">
      <Filter>Source\03. Manager\14. Debug</Filter>
    </ClCompile>
    <ClCompile Include="FSM.cpp">
      <Filter>Source\09. Module\FSM</Filter>
    </ClCompile>
    <ClCompile Include="3DCCollisionMgr.cpp">
      <Filter>Source\03. Manager\07. CollisionMgr</Filter>
    </ClCompile>
    <ClCompile Include="CCollisionRayMgr.cpp">
      <Filter>Source\03. Manager\07. CollisionMgr</Filter>
    </ClCompile>
    <ClCompile Include="CUIMgr.cpp">
      <Filter>Source\03. Manager\15. UIMgr</Filter>
    </ClCompile>
    <ClCompile Include="CUIComponent.cpp">
      <Filter>Source\06. Component\12. UIComponent</Filter>
    </ClCompile>
    <ClCompile Include="CText.cpp">
      <Filter>Source\06. Component\11. Text</Filter>
    </ClCompile>
  </ItemGroup>
  <ItemGroup>
    <Filter Include="Default">
      <UniqueIdentifier>{bf35e007-92a1-401c-bb41-cafe9c4fd5e1}</UniqueIdentifier>
    </Filter>
    <Filter Include="Source">
      <UniqueIdentifier>{f7c4fb8b-3b9f-43d1-af3b-ecee090c360c}</UniqueIdentifier>
    </Filter>
    <Filter Include="Source\01. Engine">
      <UniqueIdentifier>{cd444e0e-d969-4391-b8f7-fece5daf0bc0}</UniqueIdentifier>
    </Filter>
    <Filter Include="Source\00. Header">
      <UniqueIdentifier>{c5e19d51-b47f-4a43-8e10-8ff0062f5fb1}</UniqueIdentifier>
    </Filter>
    <Filter Include="Source\02. Device">
      <UniqueIdentifier>{769ff45f-aa32-458a-9282-19906e3c14c5}</UniqueIdentifier>
    </Filter>
    <Filter Include="Source\03. Manager">
      <UniqueIdentifier>{ff80abf2-a382-43db-9139-bdb15da13dc5}</UniqueIdentifier>
    </Filter>
    <Filter Include="Source\03. Manager\01. PathMgr">
      <UniqueIdentifier>{2aa9b216-f75e-4630-9d44-09e348de8ac2}</UniqueIdentifier>
    </Filter>
    <Filter Include="Source\03. Manager\02. KeyMgr">
      <UniqueIdentifier>{02aa0ad4-b3bd-4a3a-9f2b-86e403b21394}</UniqueIdentifier>
    </Filter>
    <Filter Include="Source\06. Component">
      <UniqueIdentifier>{687dc90e-c2c0-4507-bd5e-153a25cd4d38}</UniqueIdentifier>
    </Filter>
    <Filter Include="Source\06. Component\1. Transform">
      <UniqueIdentifier>{d0e54e64-2aaa-4fe6-babe-d15fd49d6a77}</UniqueIdentifier>
    </Filter>
    <Filter Include="Source\06. Component\Script">
      <UniqueIdentifier>{ca120d65-a3f9-4d3c-9f9d-b9642fb0c222}</UniqueIdentifier>
    </Filter>
    <Filter Include="Source\02. Device\ConstBuffer">
      <UniqueIdentifier>{57b55dc8-c509-4d81-8671-8f3269f50b93}</UniqueIdentifier>
    </Filter>
    <Filter Include="Source\05. GameObject">
      <UniqueIdentifier>{c8caa982-e753-4824-b0f1-dc97ebec0e80}</UniqueIdentifier>
    </Filter>
    <Filter Include="Source\08. ShaderCode">
      <UniqueIdentifier>{7bae9d30-a4aa-4ff1-abdc-5ed8dcbd21ce}</UniqueIdentifier>
    </Filter>
    <Filter Include="Source\09. Module">
      <UniqueIdentifier>{77da0800-3a79-4f9b-aa08-9bf7e06d17d5}</UniqueIdentifier>
    </Filter>
    <Filter Include="Source\09. Module\SimpleMath">
      <UniqueIdentifier>{c3fbf7d1-977b-4a8d-916b-bc3be792b42f}</UniqueIdentifier>
    </Filter>
    <Filter Include="Source\04. Level">
      <UniqueIdentifier>{c83961ef-cb2c-4f0d-bbc4-ffd708a2bf4b}</UniqueIdentifier>
    </Filter>
    <Filter Include="Source\07. Resource">
      <UniqueIdentifier>{a860b8d2-329c-422a-a7a0-3aee123c6fac}</UniqueIdentifier>
    </Filter>
    <Filter Include="Source\07. Resource\1. Mesh">
      <UniqueIdentifier>{98d8b7a9-5e30-463b-b888-4a0db5b8e3fd}</UniqueIdentifier>
    </Filter>
    <Filter Include="Source\07. Resource\2. Texture">
      <UniqueIdentifier>{f20c6b68-728b-42b4-9114-c4c2341a3724}</UniqueIdentifier>
    </Filter>
    <Filter Include="Source\07. Resource\3. Material">
      <UniqueIdentifier>{0b17e6e3-55e9-4cc1-b5f2-0dd2feb32f11}</UniqueIdentifier>
    </Filter>
    <Filter Include="Source\07. Resource\4. Shader">
      <UniqueIdentifier>{e3a93cb0-2193-4edb-9282-39a46638bc54}</UniqueIdentifier>
    </Filter>
    <Filter Include="Source\07. Resource\4. Shader\GraphicsShader">
      <UniqueIdentifier>{2be1bcef-219d-4d84-9a98-97384469b7c8}</UniqueIdentifier>
    </Filter>
    <Filter Include="Source\07. Resource\4. Shader\ComputeShader">
      <UniqueIdentifier>{e151f217-81da-4353-bbc5-512b81b26bc0}</UniqueIdentifier>
    </Filter>
    <Filter Include="Source\03. Manager\03. TimeMgr">
      <UniqueIdentifier>{aa8c912d-bf14-485e-9725-ea658382287f}</UniqueIdentifier>
    </Filter>
    <Filter Include="Source\03. Manager\04. LevelMgr">
      <UniqueIdentifier>{b1764c9e-7279-4948-b236-fc6fd24bbc07}</UniqueIdentifier>
    </Filter>
    <Filter Include="Source\03. Manager\05. ResMgr">
      <UniqueIdentifier>{f1be8e7f-adbe-4ebe-bfd9-d80b27fba88a}</UniqueIdentifier>
    </Filter>
    <Filter Include="Source\03. Manager\06. RenderMgr">
      <UniqueIdentifier>{90675cab-88f2-42d9-bb02-95bcbd85a7f3}</UniqueIdentifier>
    </Filter>
    <Filter Include="Source\06. Component\RenderComponent">
      <UniqueIdentifier>{9cecd8a1-3634-4969-8ff0-3dbca52469cd}</UniqueIdentifier>
    </Filter>
    <Filter Include="Source\06. Component\RenderComponent\1. MeshRender">
      <UniqueIdentifier>{3dd66862-9fa0-441f-8888-fa938d05bdbb}</UniqueIdentifier>
    </Filter>
    <Filter Include="Source\06. Component\RenderComponent\2. ParticleSystem">
      <UniqueIdentifier>{ddedfa9d-149c-436d-ba74-99ef2cbf0457}</UniqueIdentifier>
    </Filter>
    <Filter Include="Source\06. Component\RenderComponent\3. TileMap">
      <UniqueIdentifier>{a31ec3b6-9833-48c1-95cf-2ec5f761508b}</UniqueIdentifier>
    </Filter>
    <Filter Include="Source\06. Component\RenderComponent\4. Decal">
      <UniqueIdentifier>{77837a5b-9428-40ac-b78f-5ecbda8d05d1}</UniqueIdentifier>
    </Filter>
    <Filter Include="Source\06. Component\RenderComponent\5. Landscape">
      <UniqueIdentifier>{f136de34-cd33-45d6-be6a-5fb4de15646b}</UniqueIdentifier>
    </Filter>
    <Filter Include="Source\03. Manager\09. EventMgr">
      <UniqueIdentifier>{0a343449-42c4-40a1-847b-895444053100}</UniqueIdentifier>
    </Filter>
    <Filter Include="Source\07. Resource\5. Prefab">
      <UniqueIdentifier>{bb3a4eec-2ba4-4576-8eac-788c0ab1f9c9}</UniqueIdentifier>
    </Filter>
    <Filter Include="Source\06. Component\2. Collider2D">
      <UniqueIdentifier>{95818b5c-89c4-4cb1-a32b-1d06f120f939}</UniqueIdentifier>
    </Filter>
    <Filter Include="Source\03. Manager\07. CollisionMgr">
      <UniqueIdentifier>{233a4c00-46c3-4613-8f0a-479f30314f25}</UniqueIdentifier>
    </Filter>
    <Filter Include="Source\02. Device\StructuredBuffer">
      <UniqueIdentifier>{4133d464-b1f7-4ff4-b41c-071f2f05dc08}</UniqueIdentifier>
    </Filter>
    <Filter Include="Source\08. ShaderCode\Compute">
      <UniqueIdentifier>{e7e58685-e989-40bc-92c9-4f79bf523b39}</UniqueIdentifier>
    </Filter>
    <Filter Include="Source\08. ShaderCode\Compute\SetColor">
      <UniqueIdentifier>{10f44ac0-4d7c-466f-8168-e9649d728a5f}</UniqueIdentifier>
    </Filter>
    <Filter Include="Source\08. ShaderCode\Compute\ParticleUpdate">
      <UniqueIdentifier>{12834beb-ba3f-4987-aee4-cf905f38179d}</UniqueIdentifier>
    </Filter>
    <Filter Include="Source\07. Resource\6. Sound">
      <UniqueIdentifier>{b9f5ccf0-29ca-426a-bdea-c608a8101be7}</UniqueIdentifier>
    </Filter>
    <Filter Include="Source\03. Manager\10. FontMgr">
      <UniqueIdentifier>{b1a42f85-f96c-490d-a570-365243b1a620}</UniqueIdentifier>
    </Filter>
    <Filter Include="Source\06. Component\RenderComponent\6. SkyBox">
      <UniqueIdentifier>{13da6f08-efd4-4ba4-bb0f-9417425f9092}</UniqueIdentifier>
    </Filter>
    <Filter Include="Source\08. ShaderCode\PostProcess">
      <UniqueIdentifier>{95f422ad-ac5e-455b-afa5-67297eeb5a9d}</UniqueIdentifier>
    </Filter>
    <Filter Include="Source\08. ShaderCode\Render">
      <UniqueIdentifier>{6aa456f4-2149-40c9-a5aa-b93c1764f400}</UniqueIdentifier>
    </Filter>
    <Filter Include="Source\08. ShaderCode\Util">
      <UniqueIdentifier>{34fd68d8-e577-4413-8c6c-76de7f1b804a}</UniqueIdentifier>
    </Filter>
    <Filter Include="Source\03. Manager\06. RenderMgr\MRT">
      <UniqueIdentifier>{cd84714e-7507-400d-b225-8552722f4069}</UniqueIdentifier>
    </Filter>
    <Filter Include="Source\09. Module\FBXLoader">
      <UniqueIdentifier>{5e0d6f76-4f1d-4782-a05e-bc1c743ce2b8}</UniqueIdentifier>
    </Filter>
    <Filter Include="Source\07. Resource\7. MeshData">
      <UniqueIdentifier>{fe6384b9-102a-4745-9f64-34b8309bc0af}</UniqueIdentifier>
    </Filter>
    <Filter Include="Source\08. ShaderCode\Compute\AnimationUpdate">
      <UniqueIdentifier>{bea52b17-6168-4819-ab64-a9f94a349421}</UniqueIdentifier>
    </Filter>
    <Filter Include="Source\08. ShaderCode\Render\3D">
      <UniqueIdentifier>{3f6a2faa-1759-4a55-ab7f-55c7e0ec59c6}</UniqueIdentifier>
    </Filter>
    <Filter Include="Source\08. ShaderCode\Render\2D">
      <UniqueIdentifier>{e667f236-670c-4d47-b2a4-1db1f6817c58}</UniqueIdentifier>
    </Filter>
    <Filter Include="Source\08. ShaderCode\Compute\LandScape">
      <UniqueIdentifier>{877b2a4e-180e-4293-b67c-d36536e0a904}</UniqueIdentifier>
    </Filter>
    <Filter Include="Source\08. ShaderCode\Compute\LandScape\HeightMap">
      <UniqueIdentifier>{09f019c1-19df-421f-a5f4-b2c0af651299}</UniqueIdentifier>
    </Filter>
    <Filter Include="Source\08. ShaderCode\Compute\LandScape\Raycast">
      <UniqueIdentifier>{c5b64ad3-b06b-4ae5-b4ad-213be64ad661}</UniqueIdentifier>
    </Filter>
    <Filter Include="Source\08. ShaderCode\Compute\LandScape\WeightMap">
      <UniqueIdentifier>{d222d659-6b79-4ab5-869f-1092d47a6ce8}</UniqueIdentifier>
    </Filter>
    <Filter Include="Source\08. ShaderCode\Compute\CopyBone">
      <UniqueIdentifier>{1b8972a2-06f2-4a2b-8e82-e986e3ddca97}</UniqueIdentifier>
    </Filter>
    <Filter Include="Source\03. Manager\12. InstancingMgr">
      <UniqueIdentifier>{542c1d78-398a-4d62-a541-0ebac59ec4a3}</UniqueIdentifier>
    </Filter>
    <Filter Include="Source\07. Resource\8. Bone">
      <UniqueIdentifier>{42ead4ff-48ef-486e-a638-2997be65c251}</UniqueIdentifier>
    </Filter>
    <Filter Include="Source\03. Manager\13. PathFindMgr">
      <UniqueIdentifier>{96d812ea-6676-4ea1-90de-90fc6de37f86}</UniqueIdentifier>
    </Filter>
    <Filter Include="Source\03. Manager\14. Debug">
      <UniqueIdentifier>{816921f8-d8a6-4c07-9176-0a979561e9fd}</UniqueIdentifier>
    </Filter>
    <Filter Include="Source\09. Module\FSM">
      <UniqueIdentifier>{09ba7341-2cb3-4d3d-a4c9-ff4291930efa}</UniqueIdentifier>
    </Filter>
    <Filter Include="Source\03. Manager\15. UIMgr">
      <UniqueIdentifier>{75fd74b4-6181-49d6-a0fc-6be10ec6121f}</UniqueIdentifier>
    </Filter>
    <Filter Include="Source\06. Component\4. Camera">
      <UniqueIdentifier>{79af7ea9-0e2d-45fe-a008-5042fdc0754c}</UniqueIdentifier>
    </Filter>
    <Filter Include="Source\06. Component\4. Camera\Frustum">
      <UniqueIdentifier>{8038f071-ad51-4a15-a8c3-427a126e917b}</UniqueIdentifier>
    </Filter>
    <Filter Include="Source\06. Component\5. Light2D">
      <UniqueIdentifier>{47977f3b-3e69-4e3d-bf03-c87abe9f355c}</UniqueIdentifier>
    </Filter>
    <Filter Include="Source\06. Component\6. Light3D">
      <UniqueIdentifier>{0b20433a-9675-49a3-bdab-b1cdc70e5e73}</UniqueIdentifier>
    </Filter>
    <Filter Include="Source\06. Component\7. Animator2D">
      <UniqueIdentifier>{7d787944-7b75-432b-91a9-8452604ba075}</UniqueIdentifier>
    </Filter>
    <Filter Include="Source\06. Component\7. Animator2D\Animation2D">
      <UniqueIdentifier>{935401ff-7073-4030-8d0b-07e4b924e471}</UniqueIdentifier>
    </Filter>
    <Filter Include="Source\06. Component\8. Animator3D">
      <UniqueIdentifier>{c3816095-a001-424c-8dd8-a2c41e9ef186}</UniqueIdentifier>
    </Filter>
    <Filter Include="Source\06. Component\8. Animator3D\Animation3D">
      <UniqueIdentifier>{8add7b18-af21-4f1d-af29-966aaa6b9d3b}</UniqueIdentifier>
    </Filter>
    <Filter Include="Source\06. Component\9. BehaviorTree">
      <UniqueIdentifier>{cfbc5080-d40e-4c6f-bbe4-ce108bb031b9}</UniqueIdentifier>
    </Filter>
    <Filter Include="Source\06. Component\9. BehaviorTree\BehaviorTreeMgr">
      <UniqueIdentifier>{0c382bc1-e8e5-4d0d-860a-16f4f827ef87}</UniqueIdentifier>
    </Filter>
    <Filter Include="Source\06. Component\10. FindPath">
      <UniqueIdentifier>{09225021-bcc6-49c2-ab03-7eb99d32f80c}</UniqueIdentifier>
    </Filter>
    <Filter Include="Source\06. Component\3. Collider3D">
      <UniqueIdentifier>{9134b812-6184-459c-bbba-748c8bb417c2}</UniqueIdentifier>
    </Filter>
    <Filter Include="Source\06. Component\11. Text">
      <UniqueIdentifier>{fb3ba9b6-c3f5-43ba-8656-0f8800c81b40}</UniqueIdentifier>
    </Filter>
    <Filter Include="Source\09. Module\NaviMesh">
      <UniqueIdentifier>{c25b9dd0-ff9a-4a62-90d2-179c3de94787}</UniqueIdentifier>
    </Filter>
    <Filter Include="Source\06. Component\12. UIComponent">
      <UniqueIdentifier>{55327782-e51e-4fbc-8dcc-6e677ed1ff9e}</UniqueIdentifier>
    </Filter>
  </ItemGroup>
  <ItemGroup>
    <None Include="SimpleMath.inl">
      <Filter>Source\09. Module\SimpleMath</Filter>
    </None>
    <None Include="cpp.hint" />
  </ItemGroup>
  <ItemGroup>
    <FxCompile Include="setcolor.fx">
      <Filter>Source\08. ShaderCode\Compute\SetColor</Filter>
    </FxCompile>
    <FxCompile Include="particle_update.fx">
      <Filter>Source\08. ShaderCode\Compute\ParticleUpdate</Filter>
    </FxCompile>
    <FxCompile Include="postprocess.fx">
      <Filter>Source\08. ShaderCode\PostProcess</Filter>
    </FxCompile>
    <FxCompile Include="debugshape.fx">
      <Filter>Source\08. ShaderCode\Render</Filter>
    </FxCompile>
    <FxCompile Include="particle_render.fx">
      <Filter>Source\08. ShaderCode\Render</Filter>
    </FxCompile>
    <FxCompile Include="func.fx">
      <Filter>Source\08. ShaderCode\Util</Filter>
    </FxCompile>
    <FxCompile Include="struct.fx">
      <Filter>Source\08. ShaderCode\Util</Filter>
    </FxCompile>
    <FxCompile Include="value.fx">
      <Filter>Source\08. ShaderCode\Util</Filter>
    </FxCompile>
    <FxCompile Include="skybox.fx">
      <Filter>Source\08. ShaderCode\Render</Filter>
    </FxCompile>
    <FxCompile Include="decal.fx">
      <Filter>Source\08. ShaderCode\Render</Filter>
    </FxCompile>
    <FxCompile Include="decal.fx">
      <Filter>Source\08. ShaderCode</Filter>
    </FxCompile>
    <FxCompile Include="light.fx">
      <Filter>Source\08. ShaderCode</Filter>
    </FxCompile>
    <FxCompile Include="skybox.fx">
      <Filter>Source\08. ShaderCode</Filter>
    </FxCompile>
    <FxCompile Include="animation3d.fx">
      <Filter>Source\08. ShaderCode\Compute\AnimationUpdate</Filter>
    </FxCompile>
    <FxCompile Include="landscape.fx">
      <Filter>Source\08. ShaderCode\Render\3D</Filter>
    </FxCompile>
    <FxCompile Include="debugshape.fx">
      <Filter>Source\08. ShaderCode\Render\3D</Filter>
    </FxCompile>
    <FxCompile Include="particle_render.fx">
      <Filter>Source\08. ShaderCode\Render\3D</Filter>
    </FxCompile>
    <FxCompile Include="std3d.fx">
      <Filter>Source\08. ShaderCode\Render\3D</Filter>
    </FxCompile>
    <FxCompile Include="tess.fx">
      <Filter>Source\08. ShaderCode\Render\3D</Filter>
    </FxCompile>
    <FxCompile Include="tilemap.fx">
      <Filter>Source\08. ShaderCode\Render\2D</Filter>
    </FxCompile>
    <FxCompile Include="std2d.fx">
      <Filter>Source\08. ShaderCode\Render\2D</Filter>
    </FxCompile>
    <FxCompile Include="raycast.fx">
      <Filter>Source\08. ShaderCode\Compute\LandScape\Raycast</Filter>
    </FxCompile>
    <FxCompile Include="heightmap.fx">
      <Filter>Source\08. ShaderCode\Compute\LandScape\HeightMap</Filter>
    </FxCompile>
    <FxCompile Include="weightmap.fx">
      <Filter>Source\08. ShaderCode\Compute\LandScape\WeightMap</Filter>
    </FxCompile>
    <FxCompile Include="copybone.fx">
      <Filter>Source\08. ShaderCode\Compute\CopyBone</Filter>
    </FxCompile>
    <FxCompile Include="animedit3d.fx">
      <Filter>Source\08. ShaderCode\Render\3D</Filter>
    </FxCompile>
    <FxCompile Include="RaycastBase.fx">
      <Filter>Source\08. ShaderCode\Compute</Filter>
    </FxCompile>
    <FxCompile Include="2DUI.fx">
      <Filter>Source\08. ShaderCode\Render\2D</Filter>
    </FxCompile>
    <FxCompile Include="value.fx">
      <Filter>Source\08. ShaderCode\Util</Filter>
    </FxCompile>
    <FxCompile Include="struct.fx">
      <Filter>Source\08. ShaderCode\Util</Filter>
    </FxCompile>
    <FxCompile Include="func.fx">
      <Filter>Source\08. ShaderCode\Util</Filter>
    </FxCompile>
    <FxCompile Include="std2d.fx">
      <Filter>Source\08. ShaderCode\Render\2D</Filter>
    </FxCompile>
    <FxCompile Include="tilemap.fx">
      <Filter>Source\08. ShaderCode\Render\2D</Filter>
    </FxCompile>
    <FxCompile Include="std3d_deferred.fx">
      <Filter>Source\08. ShaderCode\Render\3D</Filter>
    </FxCompile>
    <FxCompile Include="postprocess.fx">
      <Filter>Source\08. ShaderCode\PostProcess</Filter>
    </FxCompile>
  </ItemGroup>
  <ItemGroup>
    <ResourceCompile Include="Engine.rc" />
  </ItemGroup>
</Project>